# This file is automatically @generated by Cargo.
# It is not intended for manual editing.
version = 4

[[package]]
name = "fasm"
version = "0.1.0"

[[package]]
name = "fasm-capi"
version = "0.1.0"
dependencies = [
 "fasm",
]

[[package]]
name = "fasm-cli"
version = "0.1.0"
dependencies = [
 "fasm",
]

[[package]]
name = "fasm-python"
version = "0.1.0"
dependencies = [
 "fasm",
]

[[package]]
name = "fasm-xilinx"
version = "0.1.0"
dependencies = [
 "fasm",
]
