# This file is automatically @generated by Cargo.
# It is not intended for manual editing.
version = 4

[[package]]
name = "fasm"
version = "0.1.0"
dependencies = [
 "foldhash",
 "hashbrown",
]

[[package]]
name = "fasm-capi"
version = "0.1.0"
dependencies = [
 "fasm",
]

[[package]]
name = "fasm-cli"
version = "0.1.0"
dependencies = [
 "fasm",
]

[[package]]
name = "fasm-python"
version = "0.1.0"
dependencies = [
 "fasm",
]

[[package]]
name = "fasm-xilinx"
version = "0.1.0"
dependencies = [
 "fasm",
]

[[package]]
name = "foldhash"
version = "0.2.0"
source = "registry+https://github.com/rust-lang/crates.io-index"
checksum = "77ce24cb58228fbb8aa041425bb1050850ac19177686ea6e0f41a70416f56fdb"

[[package]]
name = "hashbrown"
version = "0.17.1"
source = "registry+https://github.com/rust-lang/crates.io-index"
checksum = "ed5909b6e89a2db4456e54cd5f673791d7eca6732202bbf2a9cc504fe2f9b84a"
